{
  "name": "textarea-consumer",
  "version": "1.0.0",
  "lockfileVersion": 3,
  "requires": true,
  "packages": {
    "": {
      "name": "textarea-consumer",
      "version": "1.0.0",
      "license": "ISC",
      "dependencies": {
        "@skyra-tech-platform/textarea": "file:../../packages/textarea/skyra-tech-platform-textarea-0.1.0.tgz"
      }
    },
    "node_modules/@skyra-tech-platform/textarea": {
      "version": "0.1.0",
      "resolved": "file:../../packages/textarea/skyra-tech-platform-textarea-0.1.0.tgz",
      "integrity": "sha512-kUrOe2v4MACcFL3aPLRO7OXy0AZ5FhOJhWURwqI0n51fMORvxR3guYIrUCYOz2RwnDniY64K8kVvuwyQXfTVlQ=="
    }
  }
}
