{
  "name": "switch-consumer",
  "version": "1.0.0",
  "lockfileVersion": 3,
  "requires": true,
  "packages": {
    "": {
      "name": "switch-consumer",
      "version": "1.0.0",
      "license": "ISC",
      "dependencies": {
        "@skyra-tech-platform/switch": "file:../../packages/switch/skyra-tech-platform-switch-0.1.0.tgz"
      }
    },
    "node_modules/@skyra-tech-platform/switch": {
      "version": "0.1.0",
      "resolved": "file:../../packages/switch/skyra-tech-platform-switch-0.1.0.tgz",
      "integrity": "sha512-0ajLXn0bBxHcMjagZfpo3KeubD3m1FTP5SF5hnUiKUY0ua5Mofmz5W4ObNVFf+LEtLKAx5tqed01WUnjuJsUvw=="
    }
  }
}
