{
  "name": "dynamic-select-consumer",
  "version": "1.0.0",
  "lockfileVersion": 3,
  "requires": true,
  "packages": {
    "": {
      "name": "dynamic-select-consumer",
      "version": "1.0.0",
      "license": "ISC",
      "dependencies": {
        "@skyra-tech-platform/dynamic-select": "file:../../packages/dynamic-select/skyra-tech-platform-dynamic-select-0.1.0.tgz"
      }
    },
    "node_modules/@skyra-tech-platform/dynamic-select": {
      "version": "0.1.0",
      "resolved": "file:../../packages/dynamic-select/skyra-tech-platform-dynamic-select-0.1.0.tgz",
      "integrity": "sha512-IovO29bNTaWIlwZY7Ym5YFG/CQusgGcEX+ce6kHd8zNbweXi5RUkk2+0ET9cTJquGhP05cANlCL8BKcvtLEFaw=="
    }
  }
}
