{
  "name": "button-consumer",
  "version": "1.0.0",
  "lockfileVersion": 3,
  "requires": true,
  "packages": {
    "": {
      "name": "button-consumer",
      "version": "1.0.0",
      "license": "ISC",
      "dependencies": {
        "@skyra-tech-platform/button": "file:../../packages/button/skyra-tech-platform-button-0.1.0.tgz"
      }
    },
    "node_modules/@skyra-tech-platform/button": {
      "version": "0.1.0",
      "resolved": "file:../../packages/button/skyra-tech-platform-button-0.1.0.tgz",
      "integrity": "sha512-uql52GZSD9nNRO1uhtm742D5kuX9+IZTC5MMxHWewk6OEylnXmcgRP4cjFBZvlLaQ2lshiJlRJmeHHmmiVCKRg=="
    }
  }
}
