{
  "name": "input-consumer",
  "version": "1.0.0",
  "lockfileVersion": 3,
  "requires": true,
  "packages": {
    "": {
      "name": "input-consumer",
      "version": "1.0.0",
      "license": "ISC",
      "dependencies": {
        "@skyra-tech-platform/input": "file:../../packages/input/skyra-tech-platform-input-0.1.0.tgz"
      }
    },
    "node_modules/@skyra-tech-platform/input": {
      "version": "0.1.0",
      "resolved": "file:../../packages/input/skyra-tech-platform-input-0.1.0.tgz",
      "integrity": "sha512-qS9bqPlOgg1J6VFtPLZkF8yV4QrzDLhgJ8pyDDFfIIQzzMav36YMUAirj5nx3dJwPwLBgopRJEbipEcJriG4Qw=="
    }
  }
}
