{
  "name": "radio-consumer",
  "version": "1.0.0",
  "lockfileVersion": 3,
  "requires": true,
  "packages": {
    "": {
      "name": "radio-consumer",
      "version": "1.0.0",
      "license": "ISC",
      "dependencies": {
        "@skyra-tech-platform/radio": "file:../../packages/radio/skyra-tech-platform-radio-0.1.0.tgz"
      }
    },
    "node_modules/@skyra-tech-platform/radio": {
      "version": "0.1.0",
      "resolved": "file:../../packages/radio/skyra-tech-platform-radio-0.1.0.tgz",
      "integrity": "sha512-9aGdQKbbg775hWinUkSEoyXIg/ZmnUmjJO4f6S4w1xbVLYCuLDEYtYjCC9OrQhXBuyODwt+f7teS7n2cbEPhFQ=="
    }
  }
}
