{
  "name": "checkbox-consumer",
  "version": "1.0.0",
  "lockfileVersion": 3,
  "requires": true,
  "packages": {
    "": {
      "name": "checkbox-consumer",
      "version": "1.0.0",
      "license": "ISC",
      "dependencies": {
        "@skyra-tech-platform/checkbox": "file:../../packages/checkbox/skyra-tech-platform-checkbox-0.1.0.tgz"
      }
    },
    "node_modules/@skyra-tech-platform/checkbox": {
      "version": "0.1.0",
      "resolved": "file:../../packages/checkbox/skyra-tech-platform-checkbox-0.1.0.tgz",
      "integrity": "sha512-UOI74L7RCln4evwTgPT4qYN9nuWONs+55xsYvs8L4z8yeYTBki7sVdYF/Jo6Lo5u8vvW1U67+mngLctCAY1Dvg=="
    }
  }
}
